dependencies:
- name: postfix
  repository: https://eea.github.io/helm-charts
  version: 3.1.0
- name: mariadb
  repository: https://charts.bitnami.com/bitnami
  version: 19.1.0
digest: sha256:5c854af2c767cb517a50aba8a13385e1f90c3dbb210dd13b4d6144e15f885b44
generated: "2025-08-25T14:26:22.00888773Z"
