dependencies:
- name: rn-zeoserver
  repository: https://eea.github.io/helm-charts
  version: 0.1.9
- name: rn-local-converters
  repository: https://eea.github.io/helm-charts
  version: 0.1.7
- name: rn-clamav
  repository: https://eea.github.io/helm-charts
  version: 0.1.8
- name: rn-bdr-ldap
  repository: https://eea.github.io/helm-charts
  version: 0.1.2
- name: rn-bdr-registry
  repository: https://eea.github.io/helm-charts
  version: 0.2.0
- name: postgresql
  repository: https://charts.bitnami.com/bitnami
  version: 15.2.8
- name: postfix
  repository: https://eea.github.io/helm-charts
  version: 3.2.0
- name: rn-bdr-registry-notifications
  repository: https://eea.github.io/helm-charts
  version: 0.2.1
- name: rn-bdr-registry-notifications
  repository: https://eea.github.io/helm-charts
  version: 0.2.1
- name: rn-bdr-european-registry
  repository: https://eea.github.io/helm-charts
  version: 1.0.3
- name: rn-bdr-european-registry
  repository: https://eea.github.io/helm-charts
  version: 1.0.3
- name: rn-apache
  repository: https://eea.github.io/helm-charts
  version: 0.1.8
digest: sha256:0142533fd612a9b3a1546811f584fce4487d4fe4a440059a8fab89d1f1bd5680
generated: "2026-06-23T11:20:41.714236+03:00"
