dependencies:
- name: rn-zeoserver
  repository: https://eea.github.io/helm-charts
  version: 0.1.9
- name: rn-local-converters
  repository: https://eea.github.io/helm-charts
  version: 0.1.6
- name: rn-clamav
  repository: https://eea.github.io/helm-charts
  version: 0.1.8
- name: rn-bdr-ldap
  repository: https://eea.github.io/helm-charts
  version: 0.1.2
- name: rn-bdr-registry
  repository: https://eea.github.io/helm-charts
  version: 0.1.7
- name: postgresql
  repository: https://charts.bitnami.com/bitnami
  version: 15.2.8
- name: postfix
  repository: https://eea.github.io/helm-charts
  version: 3.0.6
- name: rn-bdr-registry-notifications
  repository: https://eea.github.io/helm-charts
  version: 0.1.10
- name: rn-bdr-registry-notifications
  repository: https://eea.github.io/helm-charts
  version: 0.1.10
- name: rn-bdr-european-registry
  repository: https://eea.github.io/helm-charts
  version: 0.1.9
- name: rn-bdr-european-registry
  repository: https://eea.github.io/helm-charts
  version: 0.1.9
- name: rn-apache
  repository: https://eea.github.io/helm-charts
  version: 0.1.8
digest: sha256:af20f05a491f3e086e1fd98319d42e8c7a6b90b650f9b7862e1d40be7e3875fd
generated: "2025-03-05T16:08:44.366575+02:00"
