dependencies:
- name: rn-zeoserver
  repository: https://eea.github.io/helm-charts
  version: 0.1.9
- name: rn-varnish
  repository: https://eea.github.io/helm-charts
  version: 0.6.1
- name: rn-local-converters
  repository: https://eea.github.io/helm-charts
  version: 0.1.13
- name: rn-clamav
  repository: https://eea.github.io/helm-charts
  version: 0.1.8
digest: sha256:8b716219db64e863e3d334c3d724e96f4de641a270f04f174f5fbf23d92c9e92
generated: "2026-07-06T14:52:03.358278+03:00"
