dependencies:
- name: rn-zeoserver
  repository: https://eea.github.io/helm-charts
  version: 0.1.9
- name: rn-varnish
  repository: https://eea.github.io/helm-charts
  version: 0.5.0
- name: rn-local-converters
  repository: https://eea.github.io/helm-charts
  version: 0.1.7
- name: rn-clamav
  repository: https://eea.github.io/helm-charts
  version: 0.1.8
digest: sha256:0fdfe0fac03139833f537a989d93b60f0d8d3ea7fd8567e606d0d363a5973ff6
generated: "2026-06-23T11:19:46.358998+03:00"
