dependencies:
- name: rn-zeoserver
  repository: https://eea.github.io/helm-charts
  version: 0.1.9
- name: rn-varnish
  repository: https://eea.github.io/helm-charts
  version: 0.5.0
- name: rn-local-converters
  repository: https://eea.github.io/helm-charts
  version: 0.1.11
- name: rn-clamav
  repository: https://eea.github.io/helm-charts
  version: 0.1.8
digest: sha256:1438af3eae1d2ff1e4df740aeba18492a0b3355b937359a0133b50b6d0c270b2
generated: "2026-06-24T16:21:19.052084+03:00"
