dependencies:
- name: postfix
  repository: https://eea.github.io/helm-charts
  version: 3.2.0
- name: haproxy
  repository: https://charts.bitnami.com/bitnami
  version: 2.1.1
digest: sha256:6bffea12ce96a2ec3fed377df2f6a7d74710f37ae3bdadee60054c5d6b14a8eb
generated: "2025-12-18T20:50:28.828774713Z"
