dependencies:
- name: postfix
  repository: https://eea.github.io/helm-charts
  version: 3.0.6
- name: haproxy
  repository: https://charts.bitnami.com/bitnami
  version: 2.1.1
digest: sha256:1e212f88c29417e6e7e4f505b4ace7abb68a816dd1a8f519d24c6b5003bf209c
generated: "2025-04-16T15:11:03.409318129+02:00"
