dependencies:
- name: postfix
  repository: https://eea.github.io/helm-charts
  version: 3.1.0
- name: haproxy
  repository: https://charts.bitnami.com/bitnami
  version: 2.1.1
digest: sha256:fd0ce6ca21f220de9e88720b74fe6c07bd6118f2ad3d310193dcb7e6f8adca7f
generated: "2025-08-25T14:25:14.794417217Z"
