dependencies:
- name: postfix
  repository: https://eea.github.io/helm-charts
  version: 3.1.0
- name: memcached
  repository: https://charts.bitnami.com/bitnami
  version: 7.4.7
digest: sha256:5b9684b963728a14f76e63d368eebf60a4a6d2ae54c66052863319b88af33278
generated: "2025-08-25T14:24:31.372146642Z"
