dependencies:
- name: postfix
  repository: https://eea.github.io/helm-charts
  version: 3.2.0
- name: zeoserver
  repository: https://eea.github.io/helm-charts
  version: 0.1.0
digest: sha256:bbb316311e89258fc16aea6e6d99239ea03666fbb91736ace32ab6ceb87f0103
generated: "2025-12-18T20:49:35.326239666Z"
