dependencies:
- name: postfix
  repository: https://eea.github.io/helm-charts
  version: 3.1.0
- name: zeoserver
  repository: https://eea.github.io/helm-charts
  version: 0.1.0
digest: sha256:37e4508d7349bb89ce1fe6b7d1b9bdb7fbd95266a7095cea84800bfc6b1e459d
generated: "2025-11-06T14:50:49.215737929+01:00"
