dependencies:
- name: postfix
  repository: https://eea.github.io/helm-charts
  version: 3.1.1
- name: zeoserver
  repository: https://eea.github.io/helm-charts
  version: 0.1.0
digest: sha256:8d2645d8cd43e611678f570da443fc2623f111922126533a38b8e3994638d98f
generated: "2025-11-07T16:28:17.043154656+01:00"
