dependencies:
- name: rn-zeoserver
  repository: https://eea.github.io/helm-charts
  version: 0.2.0
- name: rn-varnish
  repository: https://eea.github.io/helm-charts
  version: 0.6.1
- name: rn-local-converters
  repository: https://eea.github.io/helm-charts
  version: 0.1.13
- name: rn-clamav
  repository: https://eea.github.io/helm-charts
  version: 1.0.0
digest: sha256:d6221c3d80d879fce73452e43a93f1094e7922db0b43e891db07f1411d1b8ddd
generated: "2026-07-06T14:51:15.331155+03:00"
