dependencies:
- name: rn-zeoserver
  repository: https://eea.github.io/helm-charts
  version: 0.2.0
- name: rn-varnish
  repository: https://eea.github.io/helm-charts
  version: 0.5.0
- name: rn-local-converters
  repository: https://eea.github.io/helm-charts
  version: 0.1.11
- name: rn-clamav
  repository: https://eea.github.io/helm-charts
  version: 1.0.0
digest: sha256:4ce5c5383415ebfb58146a5897d602615b8f73755e4323f13024b4e4f8982091
generated: "2026-06-24T16:22:16.444238+03:00"
