dependencies:
- name: rn-zeoserver
  repository: https://eea.github.io/helm-charts
  version: 0.2.0
- name: rn-varnish
  repository: https://eea.github.io/helm-charts
  version: 0.5.0
- name: rn-local-converters
  repository: https://eea.github.io/helm-charts
  version: 0.1.10
- name: rn-clamav
  repository: https://eea.github.io/helm-charts
  version: 1.0.0
digest: sha256:c758a3c36fbcac954340c4c9a6434d6e5a3f59cedecb658c1a47c080dcc1a43a
generated: "2026-06-23T16:22:46.445235+03:00"
