dependencies:
- name: memcached
  repository: oci://registry-1.docker.io/cloudpirates
  version: 0.9.3
- name: redis
  repository: oci://registry-1.docker.io/bitnamicharts
  version: 17.11.3
- name: kafka
  repository: oci://registry-1.docker.io/bitnamicharts
  version: 29.3.14
- name: zookeeper
  repository: oci://registry-1.docker.io/bitnamicharts
  version: 11.4.11
- name: rabbitmq
  repository: oci://registry-1.docker.io/bitnamicharts
  version: 11.16.2
- name: nginx
  repository: oci://registry-1.docker.io/cloudpirates
  version: 0.7.0
- name: seaweedfs
  repository: https://seaweedfs.github.io/seaweedfs/helm
  version: 4.17.0
digest: sha256:c36710084d7c01120ed8a832dfcfc8615a296888c91c07ba5b7afcd5d0b2e94e
generated: "2026-09-10T15:35:41.794744+03:00"
