dependencies:
- name: kafka
  repository: https://raw.githubusercontent.com/bitnami/charts/archive-full-index/bitnami
  version: 12.0.0
- name: clickhouse
  repository: https://sentry-kubernetes.github.io/charts
  version: 3.11.0
- name: nginx
  repository: https://raw.githubusercontent.com/bitnami/charts/archive-full-index/bitnami
  version: 9.3.3
- name: sentry-external
  repository: https://eea.github.io/helm-charts
  version: 0.0.5
digest: sha256:60519ac4fac83183831ac0f6f17883c7aa5154b365940ac6ea472978749d079a
generated: "2025-08-30T22:12:11.452874589+03:00"
