dependencies:
- name: kafka
  repository: https://raw.githubusercontent.com/bitnami/charts/archive-full-index/bitnami
  version: 12.0.0
- name: clickhouse
  repository: https://sentry-kubernetes.github.io/charts
  version: 3.11.0
- name: nginx
  repository: https://raw.githubusercontent.com/bitnami/charts/archive-full-index/bitnami
  version: 9.3.3
- name: sentry-external
  repository: https://eea.github.io/helm-charts
  version: 0.0.4
digest: sha256:2d4ea3d7026d47a9285e5be6bef345c2c0a2c1b7accf6af94b354f5a59e2c4c1
generated: "2025-08-30T21:30:55.753946572+03:00"
