dependencies:
- name: postfix
  repository: https://eea.github.io/helm-charts
  version: 3.1.0
- name: nginx
  repository: https://charts.bitnami.com/bitnami
  version: 18.1.8
digest: sha256:3dd72b10e99857957d7782214f9555929e7281c6f6180611037140cea4dce18f
generated: "2025-08-25T14:25:55.378054188Z"
