dependencies:
- name: postgresql
  repository: https://charts.bitnami.com/bitnami
  version: 16.4.9
- name: clickhouse
  repository: https://charts.bitnami.com/bitnami
  version: 9.0.0
- name: redis
  repository: https://charts.bitnami.com/bitnami
  version: 20.5.0
- name: minio
  repository: https://charts.bitnami.com/bitnami
  version: 16.0.0
- name: common
  repository: https://charts.bitnami.com/bitnami
  version: 2.30.0
digest: sha256:5723e7913cd792177b94307e80cd5f977747f47854e0defd8d973f5beb0d9d86
generated: "2025-05-07T17:26:35.097431+03:00"
