dependencies:
- name: vespa
  repository: https://eea.github.io/helm-charts
  version: 0.2.27
- name: opensearch
  repository: https://opensearch-project.github.io/helm-charts
  version: 3.4.0
- name: minio
  repository: https://charts.min.io/
  version: 5.4.0
- name: postfix
  repository: https://eea.github.io/helm-charts
  version: 3.2.0
- name: code-interpreter
  repository: https://onyx-dot-app.github.io/python-sandbox/
  version: 0.3.3
digest: sha256:1df553ea1419e9b8bccf7a101bc45207b66ae034ea66145c220a67c10dd0c067
generated: "2026-05-26T18:07:12.806602+03:00"
