dependencies:
- name: plone-postgres
  repository: https://eea.github.io/helm-charts
  version: 1.0.10
- name: postfix
  repository: https://eea.github.io/helm-charts
  version: 3.2.0
digest: sha256:a25c6c38d7e9bc830b5a50235b85b00b21d0763c30b9a2f33a280fdf3ae5b74e
generated: "2026-01-16T19:03:49.485846+02:00"
