dependencies:
- name: plone-postgres
  repository: https://eea.github.io/helm-charts
  version: 1.0.11
- name: postfix
  repository: https://eea.github.io/helm-charts
  version: 3.2.0
digest: sha256:c2bafde5295675ed9140c0df39ecf510c317c840746574e32d0bbb109783364e
generated: "2026-01-19T21:18:29.52854+02:00"
