dependencies:
- name: plone-postgres
  repository: https://eea.github.io/helm-charts
  version: 1.0.12
- name: postfix
  repository: https://eea.github.io/helm-charts
  version: 3.2.0
digest: sha256:1b77535cb96d2ea31dcd88da40ae63e58ad2cbe6f9e1eb0d01cd147ee1113a5b
generated: "2026-01-19T22:10:00.597507+02:00"
