dependencies:
- name: postgresql
  repository: https://charts.bitnami.com/bitnami
  version: 16.4.9
- name: redis
  repository: https://charts.bitnami.com/bitnami
  version: 20.5.0
- name: postfix
  repository: https://eea.github.io/helm-charts
  version: 3.1.0
digest: sha256:7d9d2746e8778865a8db59b62b07db127b947a5fc00e9c4073258000a7d085f5
generated: "2025-08-25T14:24:53.288945588Z"
