dependencies:
- name: rn-zeoserver
  repository: https://eea.github.io/helm-charts
  version: 0.1.9
- name: rn-varnish
  repository: https://eea.github.io/helm-charts
  version: 0.5.0
- name: rn-local-converters
  repository: https://eea.github.io/helm-charts
  version: 0.1.6
digest: sha256:28d1e08c7c7fe3b71a1a81f0e86df2845b23a4b94667c198540ed4daf09e9c43
generated: "2025-10-03T13:34:25.327328569Z"
