dependencies:
- name: rn-zeoserver
  repository: https://eea.github.io/helm-charts
  version: 0.1.9
- name: rn-varnish
  repository: https://eea.github.io/helm-charts
  version: 0.6.0
- name: rn-local-converters
  repository: https://eea.github.io/helm-charts
  version: 0.1.6
digest: sha256:5f6e62898655ede282eb3e6ccd9439a925edf80a89901d4f1d295ee486f6a575
generated: "2026-07-06T09:05:18.596835277Z"
