dependencies:
- name: rn-zeoserver
  repository: https://eea.github.io/helm-charts
  version: 0.1.9
- name: rn-varnish
  repository: https://eea.github.io/helm-charts
  version: 0.4.0
- name: rn-local-converters
  repository: https://eea.github.io/helm-charts
  version: 0.1.6
digest: sha256:3fcecfe97d97c92fd2e3ef60689c95434503ae2afd0125e3aa0582c4b4990132
generated: "2025-09-01T09:50:59.109759801Z"
