dependencies:
- name: vespa
  repository: https://eea.github.io/helm-charts
  version: 0.2.26
- name: minio
  repository: https://charts.min.io/
  version: 5.4.0
- name: postfix
  repository: https://eea.github.io/helm-charts
  version: 3.2.0
digest: sha256:7a93cbc2b85cea1c9656f255fd82d316940e600231feb66a434fa84317c7a1a5
generated: "2026-01-16T17:09:01.007659+02:00"
