dependencies:
- name: postgresql
  repository: https://charts.bitnami.com/bitnami
  version: 14.3.1
- name: vespa
  repository: https://onyx-dot-app.github.io/vespa-helm-charts
  version: 0.2.23
- name: redis
  repository: https://charts.bitnami.com/bitnami
  version: 20.1.0
- name: minio
  repository: oci://registry-1.docker.io/bitnamicharts
  version: 17.0.4
- name: postfix
  repository: https://eea.github.io/helm-charts
  version: 3.0.6
digest: sha256:b298e21ad689ab6e07d862b0961558368cbb5e5352cace8484e8f51f9487a1a0
generated: "2025-08-14T10:34:24.464101+03:00"
