dependencies:
- name: postgresql
  repository: https://charts.bitnami.com/bitnami
  version: 14.3.1
- name: vespa
  repository: https://onyx-dot-app.github.io/vespa-helm-charts
  version: 0.2.24
- name: redis
  repository: https://charts.bitnami.com/bitnami
  version: 20.1.0
- name: minio
  repository: oci://registry-1.docker.io/bitnamicharts
  version: 17.0.4
- name: postfix
  repository: https://eea.github.io/helm-charts
  version: 3.0.9
digest: sha256:16daa1227c8dd3069b6192bcd195b20c30041503e6320cf3922cf6b59f4a2b71
generated: "2025-08-22T10:12:06.512213+03:00"
