dependencies:
- name: opensearch
  repository: https://opensearch-project.github.io/helm-charts
  version: 2.38.0
- name: opensearch
  repository: https://opensearch-project.github.io/helm-charts
  version: 2.38.0
digest: sha256:fa5c471fc6c93c0b786f8bffd748c02f39c31088d4204a2dbd1c185132fe160c
generated: "2026-10-06T15:40:20.804572124+03:00"
