dependencies:
- name: opensearch
  repository: https://opensearch-project.github.io/helm-charts
  version: 1.35.1
- name: opensearch
  repository: https://opensearch-project.github.io/helm-charts
  version: 1.35.1
digest: sha256:dab720822f5879649dcd962693d8856089767086e6156e34ff1eee067f05443f
generated: "2026-09-04T11:56:46.354953337+03:00"
