dependencies:
- name: opensearch
  repository: https://opensearch-project.github.io/helm-charts
  version: 1.5.3
- name: opensearch
  repository: https://opensearch-project.github.io/helm-charts
  version: 1.5.3
digest: sha256:c65e0111024d68173e226327d537fa04b7aaa89276c88fa455c13132eca57ed9
generated: "2025-08-27T10:43:41.144963+02:00"
